{
  "version": 4,
  "terraform_version": "1.3.6",
  "serial": 4,
  "lineage": "f4545766-5a82-da53-63bf-d6760d401860",
  "outputs": {
    "vnet_guid": {
      "value": "ccda77ff-c8b9-4a4a-a8d9-2b7775b6cca6",
      "type": "string"
    }
  },
  "resources": [
    {
      "mode": "managed",
      "type": "azurerm_virtual_network",
      "name": "vnet",
      "provider": "provider[\"registry.terraform.io/hashicorp/azurerm\"]",
      "instances": [
        {
          "schema_version": 0,
          "attributes": {
            "address_space": [
              "10.0.0.1/16"
            ],
            "bgp_community": "",
            "ddos_protection_plan": [],
            "dns_servers": [],
            "edge_zone": "",
            "flow_timeout_in_minutes": 0,
            "guid": "ccda77ff-c8b9-4a4a-a8d9-2b7775b6cca6",
            "id": "/subscriptions/1c919d44-9c6e-4e18-94e7-b1a9557af0be/resourceGroups/learn-d3a1ae40-3a21-4723-838c-c080940f1e81/providers/Microsoft.Network/virtualNetworks/example-network",
            "location": "westus",
            "name": "example-network",
            "resource_group_name": "learn-d3a1ae40-3a21-4723-838c-c080940f1e81",
            "subnet": [],
            "tags": {},
            "timeouts": null
          },
          "sensitive_attributes": [],
          "private": "eyJlMmJmYjczMC1lY2FhLTExZTYtOGY4OC0zNDM2M2JjN2M0YzAiOnsiY3JlYXRlIjoxODAwMDAwMDAwMDAwLCJkZWxldGUiOjE4MDAwMDAwMDAwMDAsInJlYWQiOjMwMDAwMDAwMDAwMCwidXBkYXRlIjoxODAwMDAwMDAwMDAwfX0="
        }
      ]
    }
  ],
  "check_results": null
}
