{
  "version": 4,
  "terraform_version": "1.3.6",
  "serial": 29,
  "lineage": "d8b344d5-f05e-18d3-417f-ccdba4e7eaff",
  "outputs": {},
  "resources": [
    {
      "mode": "managed",
      "type": "azurerm_virtual_network",
      "name": "example",
      "provider": "provider[\"registry.terraform.io/hashicorp/azurerm\"]",
      "instances": [
        {
          "index_key": 0,
          "schema_version": 0,
          "attributes": {
            "address_space": [
              "10.0.0.0/16"
            ],
            "bgp_community": "",
            "ddos_protection_plan": [],
            "dns_servers": [],
            "edge_zone": "",
            "flow_timeout_in_minutes": 0,
            "guid": "df09fae0-627b-4884-b5fc-655955b3923e",
            "id": "/subscriptions/136e6cde-93fc-4f7d-85b2-b2e9ce110cc7/resourceGroups/learn-7b8e3c18-9b7f-48f1-ad55-baf9d2e9db22/providers/Microsoft.Network/virtualNetworks/dev-VN",
            "location": "westus",
            "name": "dev-VN",
            "resource_group_name": "learn-7b8e3c18-9b7f-48f1-ad55-baf9d2e9db22",
            "subnet": [],
            "tags": null,
            "timeouts": null
          },
          "sensitive_attributes": [],
          "private": "eyJlMmJmYjczMC1lY2FhLTExZTYtOGY4OC0zNDM2M2JjN2M0YzAiOnsiY3JlYXRlIjoxODAwMDAwMDAwMDAwLCJkZWxldGUiOjE4MDAwMDAwMDAwMDAsInJlYWQiOjMwMDAwMDAwMDAwMCwidXBkYXRlIjoxODAwMDAwMDAwMDAwfX0="
        },
        {
          "index_key": 1,
          "schema_version": 0,
          "attributes": {
            "address_space": [
              "11.0.0.0/16"
            ],
            "bgp_community": "",
            "ddos_protection_plan": [],
            "dns_servers": [],
            "edge_zone": "",
            "flow_timeout_in_minutes": 0,
            "guid": "1b4e812b-ab66-4bec-a5f7-027e082512ea",
            "id": "/subscriptions/136e6cde-93fc-4f7d-85b2-b2e9ce110cc7/resourceGroups/learn-7b8e3c18-9b7f-48f1-ad55-baf9d2e9db22/providers/Microsoft.Network/virtualNetworks/test-VN",
            "location": "westus",
            "name": "test-VN",
            "resource_group_name": "learn-7b8e3c18-9b7f-48f1-ad55-baf9d2e9db22",
            "subnet": [],
            "tags": null,
            "timeouts": null
          },
          "sensitive_attributes": [],
          "private": "eyJlMmJmYjczMC1lY2FhLTExZTYtOGY4OC0zNDM2M2JjN2M0YzAiOnsiY3JlYXRlIjoxODAwMDAwMDAwMDAwLCJkZWxldGUiOjE4MDAwMDAwMDAwMDAsInJlYWQiOjMwMDAwMDAwMDAwMCwidXBkYXRlIjoxODAwMDAwMDAwMDAwfX0="
        },
        {
          "index_key": 2,
          "schema_version": 0,
          "attributes": {
            "address_space": [
              "12.0.0.0/16"
            ],
            "bgp_community": "",
            "ddos_protection_plan": [],
            "dns_servers": [],
            "edge_zone": "",
            "flow_timeout_in_minutes": 0,
            "guid": "29346bf2-bc22-4f08-9926-789043339437",
            "id": "/subscriptions/136e6cde-93fc-4f7d-85b2-b2e9ce110cc7/resourceGroups/learn-7b8e3c18-9b7f-48f1-ad55-baf9d2e9db22/providers/Microsoft.Network/virtualNetworks/stage-VN",
            "location": "westus",
            "name": "stage-VN",
            "resource_group_name": "learn-7b8e3c18-9b7f-48f1-ad55-baf9d2e9db22",
            "subnet": [],
            "tags": null,
            "timeouts": null
          },
          "sensitive_attributes": [],
          "private": "eyJlMmJmYjczMC1lY2FhLTExZTYtOGY4OC0zNDM2M2JjN2M0YzAiOnsiY3JlYXRlIjoxODAwMDAwMDAwMDAwLCJkZWxldGUiOjE4MDAwMDAwMDAwMDAsInJlYWQiOjMwMDAwMDAwMDAwMCwidXBkYXRlIjoxODAwMDAwMDAwMDAwfX0="
        },
        {
          "index_key": 3,
          "schema_version": 0,
          "attributes": {
            "address_space": [
              "15.0.0.0/16"
            ],
            "bgp_community": "",
            "ddos_protection_plan": [],
            "dns_servers": [],
            "edge_zone": "",
            "flow_timeout_in_minutes": 0,
            "guid": "699fb9aa-ecbc-4365-b83a-0ed0f288f332",
            "id": "/subscriptions/136e6cde-93fc-4f7d-85b2-b2e9ce110cc7/resourceGroups/learn-7b8e3c18-9b7f-48f1-ad55-baf9d2e9db22/providers/Microsoft.Network/virtualNetworks/prod-VN",
            "location": "westus",
            "name": "prod-VN",
            "resource_group_name": "learn-7b8e3c18-9b7f-48f1-ad55-baf9d2e9db22",
            "subnet": [],
            "tags": null,
            "timeouts": null
          },
          "sensitive_attributes": [],
          "private": "eyJlMmJmYjczMC1lY2FhLTExZTYtOGY4OC0zNDM2M2JjN2M0YzAiOnsiY3JlYXRlIjoxODAwMDAwMDAwMDAwLCJkZWxldGUiOjE4MDAwMDAwMDAwMDAsInJlYWQiOjMwMDAwMDAwMDAwMCwidXBkYXRlIjoxODAwMDAwMDAwMDAwfX0="
        }
      ]
    }
  ],
  "check_results": null
}
