{
  "version": 4,
  "terraform_version": "1.3.6",
  "serial": 18,
  "lineage": "f1960a50-ce5b-0aa7-c9a0-8a14c0bd65c9",
  "outputs": {
    "public_ip_address": {
      "value": "20.237.221.137",
      "type": "string"
    }
  },
  "resources": [
    {
      "mode": "data",
      "type": "azurerm_public_ip",
      "name": "example",
      "provider": "provider[\"registry.terraform.io/hashicorp/azurerm\"]",
      "instances": [
        {
          "schema_version": 0,
          "attributes": {
            "allocation_method": "Dynamic",
            "domain_name_label": "",
            "fqdn": "",
            "id": "/subscriptions/ebc303b6-80cb-48a4-bd33-fc7075d5a829/resourceGroups/learn-1ef88088-34ce-4d42-ba3c-29b4a24d12ae/providers/Microsoft.Network/publicIPAddresses/test-pip",
            "idle_timeout_in_minutes": 30,
            "ip_address": "20.237.221.137",
            "ip_tags": {},
            "ip_version": "IPv4",
            "location": "westus",
            "name": "test-pip",
            "resource_group_name": "learn-1ef88088-34ce-4d42-ba3c-29b4a24d12ae",
            "reverse_fqdn": "",
            "sku": "Basic",
            "tags": {
              "environment": "test"
            },
            "timeouts": null,
            "zones": []
          },
          "sensitive_attributes": []
        }
      ]
    },
    {
      "mode": "managed",
      "type": "azurerm_network_interface",
      "name": "example",
      "provider": "provider[\"registry.terraform.io/hashicorp/azurerm\"]",
      "instances": [
        {
          "schema_version": 0,
          "attributes": {
            "applied_dns_servers": [],
            "dns_servers": [],
            "edge_zone": "",
            "enable_accelerated_networking": false,
            "enable_ip_forwarding": false,
            "id": "/subscriptions/ebc303b6-80cb-48a4-bd33-fc7075d5a829/resourceGroups/learn-1ef88088-34ce-4d42-ba3c-29b4a24d12ae/providers/Microsoft.Network/networkInterfaces/test-nic",
            "internal_dns_name_label": "",
            "internal_domain_name_suffix": "vq5e3d5hr0qepar41i5mppa0ue.dx.internal.cloudapp.net",
            "ip_configuration": [
              {
                "gateway_load_balancer_frontend_ip_configuration_id": "",
                "name": "testconfiguration1",
                "primary": true,
                "private_ip_address": "10.0.2.5",
                "private_ip_address_allocation": "Static",
                "private_ip_address_version": "IPv4",
                "public_ip_address_id": "/subscriptions/ebc303b6-80cb-48a4-bd33-fc7075d5a829/resourceGroups/learn-1ef88088-34ce-4d42-ba3c-29b4a24d12ae/providers/Microsoft.Network/publicIPAddresses/test-pip",
                "subnet_id": "/subscriptions/ebc303b6-80cb-48a4-bd33-fc7075d5a829/resourceGroups/learn-1ef88088-34ce-4d42-ba3c-29b4a24d12ae/providers/Microsoft.Network/virtualNetworks/test-network/subnets/acctsub"
              }
            ],
            "location": "westus",
            "mac_address": "00-22-48-0A-4D-FD",
            "name": "test-nic",
            "private_ip_address": "10.0.2.5",
            "private_ip_addresses": [
              "10.0.2.5"
            ],
            "resource_group_name": "learn-1ef88088-34ce-4d42-ba3c-29b4a24d12ae",
            "tags": {},
            "timeouts": null,
            "virtual_machine_id": "/subscriptions/ebc303b6-80cb-48a4-bd33-fc7075d5a829/resourceGroups/learn-1ef88088-34ce-4d42-ba3c-29b4a24d12ae/providers/Microsoft.Compute/virtualMachines/test-vm"
          },
          "sensitive_attributes": [],
          "private": "eyJlMmJmYjczMC1lY2FhLTExZTYtOGY4OC0zNDM2M2JjN2M0YzAiOnsiY3JlYXRlIjoxODAwMDAwMDAwMDAwLCJkZWxldGUiOjE4MDAwMDAwMDAwMDAsInJlYWQiOjMwMDAwMDAwMDAwMCwidXBkYXRlIjoxODAwMDAwMDAwMDAwfX0=",
          "dependencies": [
            "azurerm_public_ip.example",
            "azurerm_subnet.example",
            "azurerm_virtual_network.example"
          ]
        }
      ]
    },
    {
      "mode": "managed",
      "type": "azurerm_public_ip",
      "name": "example",
      "provider": "provider[\"registry.terraform.io/hashicorp/azurerm\"]",
      "instances": [
        {
          "schema_version": 0,
          "attributes": {
            "allocation_method": "Dynamic",
            "domain_name_label": null,
            "edge_zone": "",
            "fqdn": null,
            "id": "/subscriptions/ebc303b6-80cb-48a4-bd33-fc7075d5a829/resourceGroups/learn-1ef88088-34ce-4d42-ba3c-29b4a24d12ae/providers/Microsoft.Network/publicIPAddresses/test-pip",
            "idle_timeout_in_minutes": 30,
            "ip_address": "20.237.221.137",
            "ip_tags": {},
            "ip_version": "IPv4",
            "location": "westus",
            "name": "test-pip",
            "public_ip_prefix_id": null,
            "resource_group_name": "learn-1ef88088-34ce-4d42-ba3c-29b4a24d12ae",
            "reverse_fqdn": null,
            "sku": "Basic",
            "sku_tier": "Regional",
            "tags": {
              "environment": "test"
            },
            "timeouts": null,
            "zones": []
          },
          "sensitive_attributes": [],
          "private": "eyJlMmJmYjczMC1lY2FhLTExZTYtOGY4OC0zNDM2M2JjN2M0YzAiOnsiY3JlYXRlIjoxODAwMDAwMDAwMDAwLCJkZWxldGUiOjE4MDAwMDAwMDAwMDAsInJlYWQiOjMwMDAwMDAwMDAwMCwidXBkYXRlIjoxODAwMDAwMDAwMDAwfX0="
        }
      ]
    },
    {
      "mode": "managed",
      "type": "azurerm_subnet",
      "name": "example",
      "provider": "provider[\"registry.terraform.io/hashicorp/azurerm\"]",
      "instances": [
        {
          "schema_version": 0,
          "attributes": {
            "address_prefixes": [
              "10.0.2.0/24"
            ],
            "delegation": [],
            "enforce_private_link_endpoint_network_policies": false,
            "enforce_private_link_service_network_policies": false,
            "id": "/subscriptions/ebc303b6-80cb-48a4-bd33-fc7075d5a829/resourceGroups/learn-1ef88088-34ce-4d42-ba3c-29b4a24d12ae/providers/Microsoft.Network/virtualNetworks/test-network/subnets/acctsub",
            "name": "acctsub",
            "resource_group_name": "learn-1ef88088-34ce-4d42-ba3c-29b4a24d12ae",
            "service_endpoint_policy_ids": [],
            "service_endpoints": [],
            "timeouts": null,
            "virtual_network_name": "test-network"
          },
          "sensitive_attributes": [],
          "private": "eyJlMmJmYjczMC1lY2FhLTExZTYtOGY4OC0zNDM2M2JjN2M0YzAiOnsiY3JlYXRlIjoxODAwMDAwMDAwMDAwLCJkZWxldGUiOjE4MDAwMDAwMDAwMDAsInJlYWQiOjMwMDAwMDAwMDAwMCwidXBkYXRlIjoxODAwMDAwMDAwMDAwfX0=",
          "dependencies": [
            "azurerm_virtual_network.example"
          ]
        }
      ]
    },
    {
      "mode": "managed",
      "type": "azurerm_virtual_machine",
      "name": "example",
      "provider": "provider[\"registry.terraform.io/hashicorp/azurerm\"]",
      "instances": [
        {
          "schema_version": 0,
          "attributes": {
            "additional_capabilities": [],
            "availability_set_id": null,
            "boot_diagnostics": [],
            "delete_data_disks_on_termination": true,
            "delete_os_disk_on_termination": true,
            "id": "/subscriptions/ebc303b6-80cb-48a4-bd33-fc7075d5a829/resourceGroups/learn-1ef88088-34ce-4d42-ba3c-29b4a24d12ae/providers/Microsoft.Compute/virtualMachines/test-vm",
            "identity": [],
            "license_type": null,
            "location": "westus",
            "name": "test-vm",
            "network_interface_ids": [
              "/subscriptions/ebc303b6-80cb-48a4-bd33-fc7075d5a829/resourceGroups/learn-1ef88088-34ce-4d42-ba3c-29b4a24d12ae/providers/Microsoft.Network/networkInterfaces/test-nic"
            ],
            "os_profile": [
              {
                "admin_password": "",
                "admin_username": "testadmin",
                "computer_name": "hostname",
                "custom_data": ""
              }
            ],
            "os_profile_linux_config": [
              {
                "disable_password_authentication": false,
                "ssh_keys": []
              }
            ],
            "os_profile_secrets": [],
            "os_profile_windows_config": [],
            "plan": [],
            "primary_network_interface_id": null,
            "proximity_placement_group_id": null,
            "resource_group_name": "learn-1ef88088-34ce-4d42-ba3c-29b4a24d12ae",
            "storage_data_disk": [],
            "storage_image_reference": [
              {
                "id": "",
                "offer": "UbuntuServer",
                "publisher": "Canonical",
                "sku": "16.04-LTS",
                "version": "latest"
              }
            ],
            "storage_os_disk": [
              {
                "caching": "ReadWrite",
                "create_option": "FromImage",
                "disk_size_gb": 30,
                "image_uri": "",
                "managed_disk_id": "/subscriptions/ebc303b6-80cb-48a4-bd33-fc7075d5a829/resourceGroups/learn-1ef88088-34ce-4d42-ba3c-29b4a24d12ae/providers/Microsoft.Compute/disks/myosdisk1",
                "managed_disk_type": "Standard_LRS",
                "name": "myosdisk1",
                "os_type": "Linux",
                "vhd_uri": "",
                "write_accelerator_enabled": false
              }
            ],
            "tags": {
              "environment": "staging"
            },
            "timeouts": null,
            "vm_size": "Standard_DS1_v2",
            "zones": []
          },
          "sensitive_attributes": [],
          "private": "eyJlMmJmYjczMC1lY2FhLTExZTYtOGY4OC0zNDM2M2JjN2M0YzAiOnsiY3JlYXRlIjozNjAwMDAwMDAwMDAwLCJkZWxldGUiOjM2MDAwMDAwMDAwMDAsInJlYWQiOjMwMDAwMDAwMDAwMCwidXBkYXRlIjozNjAwMDAwMDAwMDAwfX0=",
          "dependencies": [
            "azurerm_network_interface.example"
          ]
        }
      ]
    },
    {
      "mode": "managed",
      "type": "azurerm_virtual_network",
      "name": "example",
      "provider": "provider[\"registry.terraform.io/hashicorp/azurerm\"]",
      "instances": [
        {
          "schema_version": 0,
          "attributes": {
            "address_space": [
              "10.0.0.0/16"
            ],
            "bgp_community": "",
            "ddos_protection_plan": [],
            "dns_servers": [],
            "edge_zone": "",
            "flow_timeout_in_minutes": 0,
            "guid": "8f4e3eac-8ee7-47a0-823e-da3ec7bc1aa4",
            "id": "/subscriptions/ebc303b6-80cb-48a4-bd33-fc7075d5a829/resourceGroups/learn-1ef88088-34ce-4d42-ba3c-29b4a24d12ae/providers/Microsoft.Network/virtualNetworks/test-network",
            "location": "westus",
            "name": "test-network",
            "resource_group_name": "learn-1ef88088-34ce-4d42-ba3c-29b4a24d12ae",
            "subnet": [
              {
                "address_prefix": "10.0.2.0/24",
                "id": "/subscriptions/ebc303b6-80cb-48a4-bd33-fc7075d5a829/resourceGroups/learn-1ef88088-34ce-4d42-ba3c-29b4a24d12ae/providers/Microsoft.Network/virtualNetworks/test-network/subnets/acctsub",
                "name": "acctsub",
                "security_group": "/subscriptions/ebc303b6-80cb-48a4-bd33-fc7075d5a829/resourceGroups/SandboxNSGs/providers/Microsoft.Network/networkSecurityGroups/NSG-westus"
              }
            ],
            "tags": {},
            "timeouts": null
          },
          "sensitive_attributes": [],
          "private": "eyJlMmJmYjczMC1lY2FhLTExZTYtOGY4OC0zNDM2M2JjN2M0YzAiOnsiY3JlYXRlIjoxODAwMDAwMDAwMDAwLCJkZWxldGUiOjE4MDAwMDAwMDAwMDAsInJlYWQiOjMwMDAwMDAwMDAwMCwidXBkYXRlIjoxODAwMDAwMDAwMDAwfX0="
        }
      ]
    }
  ],
  "check_results": null
}
